<?xml version="1.0" encoding="utf-8"?>
<Project ToolsVersion="4.0" xmlns="http://schemas.microsoft.com/developer/msbuild/2003">
  <ItemGroup>
    <Filter Include="Source files">
      <UniqueIdentifier>{cdbeec30-84a3-481a-a475-71ef46fc2bac}</UniqueIdentifier>
      <Extensions>cpp;c;cc;cxx;def;odl;idl;hpj;bat;asm;asmx</Extensions>
    </Filter>
    <Filter Include="Header files">
      <UniqueIdentifier>{1877d209-ba43-4e5b-bb25-9d74734ded47}</UniqueIdentifier>
      <Extensions>h;hpp;hxx;hm;inl;inc;xsd</Extensions>
    </Filter>
    <Filter Include="Resource files">
      <UniqueIdentifier>{4c095574-1709-423d-874a-8b9b409e6396}</UniqueIdentifier>
      <Extensions>rc;ico;cur;bmp;dlg;rc2;rct;bin;rgs;gif;jpg;jpeg;jpe;resx;tiff;tif;png;wav</Extensions>
    </Filter>
    <Filter Include="Make files">
      <UniqueIdentifier>{f1bd716c-b68e-4e44-be59-8d832548225e}</UniqueIdentifier>
      <Extensions>*.mak</Extensions>
    </Filter>
  </ItemGroup>
  <ItemGroup>
    <None Include="Makefile" />
    <None Include="debug.mak">
      <Filter>Make files</Filter>
    </None>
    <None Include="release.mak">
      <Filter>Make files</Filter>
    </None>
  </ItemGroup>
  <ItemGroup>
    <ClCompile Include="..\HW2FinalCode\prob2\monitor2.c">
      <Filter>Source files</Filter>
    </ClCompile>
    <ClCompile Include="..\HW2FinalCode\prob2\pro_con2.c">
      <Filter>Source files</Filter>
    </ClCompile>
    <ClCompile Include="..\HW2FinalCode\SharedResources.c">
      <Filter>Source files</Filter>
    </ClCompile>
  </ItemGroup>
  <ItemGroup>
    <ClInclude Include="..\HW2FinalCode\SharedResources.h">
      <Filter>Header files</Filter>
    </ClInclude>
    <ClInclude Include="..\HW2FinalCode\prob2\monitor2.h">
      <Filter>Header files</Filter>
    </ClInclude>
  </ItemGroup>
</Project>